
Microsoft Visual Studio Solution File, Format Version 12.00
# Visual Studio Version 17
VisualStudioVersion = 17.3.32929.385
MinimumVisualStudioVersion = 10.0.40219.1
Project("{2150E333-8FDC-42A3-9474-1A3956D46DE8}") = "Solution Items", "Solution Items", "{F286A3B5-8D38-475E-AD64-EEB62964C5B0}"
	ProjectSection(SolutionItems) = preProject
		src\.dockerignore = src\.dockerignore
		src\docker-compose.override.yml = src\docker-compose.override.yml
		src\docker-compose.yml = src\docker-compose.yml
		global.json = global.json
		README.md = README.md
	EndProjectSection
EndProject
Project("{2150E333-8FDC-42A3-9474-1A3956D46DE8}") = "src", "src", "{2C68B254-D29B-4BD1-A421-83B5BBDC9BA8}"
EndProject
Project("{2150E333-8FDC-42A3-9474-1A3956D46DE8}") = "tests", "tests", "{8BD62149-D6A9-4F4F-9CAD-D68202EBF379}"
EndProject
Project("{2150E333-8FDC-42A3-9474-1A3956D46DE8}") = "ApiGateways", "ApiGateways", "{2F487E5D-C93C-4D28-B3E7-D82D09F3C7A2}"
EndProject
Project("{2150E333-8FDC-42A3-9474-1A3956D46DE8}") = "BuildingBlocks", "BuildingBlocks", "{75092169-D067-40DC-8F35-D70947A06606}"
EndProject
Project("{2150E333-8FDC-42A3-9474-1A3956D46DE8}") = "Services", "Services", "{56EA77E1-5EB3-4A94-B618-CBC3F32C8212}"
EndProject
Project("{2150E333-8FDC-42A3-9474-1A3956D46DE8}") = "WebApps", "WebApps", "{74C672BC-63E4-416D-B37C-28AB05FD077D}"
EndProject
Project("{9A19103F-16F7-4668-BE54-9A1E7A4F7556}") = "Common.Logging", "src\BuildingBlocks\Common.Logging\Common.Logging.csproj", "{5F70F344-A209-466C-8758-7A8C3BF21607}"
EndProject
Project("{2150E333-8FDC-42A3-9474-1A3956D46DE8}") = "Product", "Product", "{8D09EBE6-D1E3-4FDA-B9F8-51A7A86DDB4D}"
EndProject
Project("{2150E333-8FDC-42A3-9474-1A3956D46DE8}") = "Customer", "Customer", "{3269E213-A0A1-446F-B6AB-0CE467CBDE02}"
EndProject
Project("{2150E333-8FDC-42A3-9474-1A3956D46DE8}") = "Ordering", "Ordering", "{7BDCB099-8C8B-4A62-9451-705E0F45DA65}"
EndProject
Project("{2150E333-8FDC-42A3-9474-1A3956D46DE8}") = "Basket", "Basket", "{2163E251-1473-4DB5-A729-C6470EABA059}"
EndProject
Project("{2150E333-8FDC-42A3-9474-1A3956D46DE8}") = "Inventory", "Inventory", "{471C0C27-8A3B-495E-BE6E-8F19C339B9EB}"
EndProject
Project("{2150E333-8FDC-42A3-9474-1A3956D46DE8}") = "ScheduledJob", "ScheduledJob", "{423274B7-C604-4592-8B1B-A3AF1E27E698}"
EndProject
Project("{9A19103F-16F7-4668-BE54-9A1E7A4F7556}") = "WebHealthStatus", "src\WebApps\WebHealthStatus\WebHealthStatus.csproj", "{86DA8128-8A37-45F5-99C6-406BCBE38296}"
EndProject
Project("{9A19103F-16F7-4668-BE54-9A1E7A4F7556}") = "Basket.API", "src\Services\Basket.API\Basket.API.csproj", "{87196B6A-06B9-49A2-A57D-176437DF16AF}"
EndProject
Project("{9A19103F-16F7-4668-BE54-9A1E7A4F7556}") = "Customer.API", "src\Services\Customer.API\Customer.API.csproj", "{A42D312F-C04F-4924-817A-D12E86D6E426}"
EndProject
Project("{9A19103F-16F7-4668-BE54-9A1E7A4F7556}") = "Inventory.Product.API", "src\Services\Inventory.API\Inventory.Product.API.csproj", "{6FBAC056-3877-4D7A-9F41-12223ABE41ED}"
EndProject
Project("{9A19103F-16F7-4668-BE54-9A1E7A4F7556}") = "Product.API", "src\Services\Product.API\Product.API.csproj", "{702E3309-71D2-48AD-9D3D-52800EF8C6A3}"
EndProject
Project("{9A19103F-16F7-4668-BE54-9A1E7A4F7556}") = "Hangfire.API", "src\Services\Hangfire.API\Hangfire.API.csproj", "{FA75282B-7888-42FA-A7CA-E2E3C3FF2283}"
EndProject
Project("{9A19103F-16F7-4668-BE54-9A1E7A4F7556}") = "Contracts", "src\BuildingBlocks\Contracts\Contracts.csproj", "{95411961-A06B-4268-9402-6CE6E074ACC4}"
EndProject
Project("{9A19103F-16F7-4668-BE54-9A1E7A4F7556}") = "Shared", "src\BuildingBlocks\Shared\Shared.csproj", "{8321F845-9D92-4E91-B9AB-CDFC847EF5B9}"
EndProject
Project("{9A19103F-16F7-4668-BE54-9A1E7A4F7556}") = "OcelotApiGw", "src\ApiGateways\OcelotApiGw\OcelotApiGw.csproj", "{C1531A25-023E-4AEF-BCA7-83701C580F7B}"
EndProject
Project("{9A19103F-16F7-4668-BE54-9A1E7A4F7556}") = "Infrastructure", "src\BuildingBlocks\Infrastructure\Infrastructure.csproj", "{B4228B79-8B93-480E-AD3E-73D7DC0DA080}"
EndProject
Project("{9A19103F-16F7-4668-BE54-9A1E7A4F7556}") = "Ordering.API", "src\Services\Ordering\Ordering.API\Ordering.API.csproj", "{67439B6B-9094-4E93-A51F-F4D2C9F008D5}"
EndProject
Project("{9A19103F-16F7-4668-BE54-9A1E7A4F7556}") = "Ordering.Application", "src\Services\Ordering\Ordering.Application\Ordering.Application.csproj", "{1A62D089-68FD-4020-8162-3F519D44001F}"
EndProject
Project("{9A19103F-16F7-4668-BE54-9A1E7A4F7556}") = "Ordering.Domain", "src\Services\Ordering\Ordering.Domain\Ordering.Domain.csproj", "{B123C514-57AF-41A0-B495-2243FEE009D8}"
EndProject
Project("{9A19103F-16F7-4668-BE54-9A1E7A4F7556}") = "Ordering.Infrastructure", "src\Services\Ordering\Ordering.Infrastructure\Ordering.Infrastructure.csproj", "{5FCD35BA-441E-45E8-92B4-367F89FD9228}"
EndProject
Project("{FAE04EC0-301F-11D3-BF4B-00C04F79EFBC}") = "Ordering.Subscriber", "Ordering.Subscriber\Ordering.Subscriber.csproj", "{FAE6DC61-59E2-4DF2-BDC0-56226F3314CE}"
EndProject
Project("{2150E333-8FDC-42A3-9474-1A3956D46DE8}") = "EventBus", "EventBus", "{6A060C58-82B2-42DC-AF8B-E2D4393A5A61}"
EndProject
Project("{9A19103F-16F7-4668-BE54-9A1E7A4F7556}") = "EventBus.Messages", "src\BuildingBlocks\EventBus\EventBus.Messages\EventBus.Messages.csproj", "{E7BE1D78-87EA-4F27-A385-214826F388C8}"
EndProject
Global
	GlobalSection(SolutionConfigurationPlatforms) = preSolution
		Build All|Any CPU = Build All|Any CPU
		Debug|Any CPU = Debug|Any CPU
		Release|Any CPU = Release|Any CPU
	EndGlobalSection
	GlobalSection(ProjectConfigurationPlatforms) = postSolution
		{5F70F344-A209-466C-8758-7A8C3BF21607}.Build All|Any CPU.ActiveCfg = Build All|Any CPU
		{5F70F344-A209-466C-8758-7A8C3BF21607}.Build All|Any CPU.Build.0 = Build All|Any CPU
		{5F70F344-A209-466C-8758-7A8C3BF21607}.Debug|Any CPU.ActiveCfg = Debug|Any CPU
		{5F70F344-A209-466C-8758-7A8C3BF21607}.Debug|Any CPU.Build.0 = Debug|Any CPU
		{5F70F344-A209-466C-8758-7A8C3BF21607}.Release|Any CPU.ActiveCfg = Release|Any CPU
		{5F70F344-A209-466C-8758-7A8C3BF21607}.Release|Any CPU.Build.0 = Release|Any CPU
		{86DA8128-8A37-45F5-99C6-406BCBE38296}.Build All|Any CPU.ActiveCfg = Build All|Any CPU
		{86DA8128-8A37-45F5-99C6-406BCBE38296}.Build All|Any CPU.Build.0 = Build All|Any CPU
		{86DA8128-8A37-45F5-99C6-406BCBE38296}.Debug|Any CPU.ActiveCfg = Debug|Any CPU
		{86DA8128-8A37-45F5-99C6-406BCBE38296}.Debug|Any CPU.Build.0 = Debug|Any CPU
		{86DA8128-8A37-45F5-99C6-406BCBE38296}.Release|Any CPU.ActiveCfg = Release|Any CPU
		{86DA8128-8A37-45F5-99C6-406BCBE38296}.Release|Any CPU.Build.0 = Release|Any CPU
		{87196B6A-06B9-49A2-A57D-176437DF16AF}.Build All|Any CPU.ActiveCfg = Build All|Any CPU
		{87196B6A-06B9-49A2-A57D-176437DF16AF}.Build All|Any CPU.Build.0 = Build All|Any CPU
		{87196B6A-06B9-49A2-A57D-176437DF16AF}.Debug|Any CPU.ActiveCfg = Debug|Any CPU
		{87196B6A-06B9-49A2-A57D-176437DF16AF}.Debug|Any CPU.Build.0 = Debug|Any CPU
		{87196B6A-06B9-49A2-A57D-176437DF16AF}.Release|Any CPU.ActiveCfg = Release|Any CPU
		{87196B6A-06B9-49A2-A57D-176437DF16AF}.Release|Any CPU.Build.0 = Release|Any CPU
		{A42D312F-C04F-4924-817A-D12E86D6E426}.Build All|Any CPU.ActiveCfg = Build All|Any CPU
		{A42D312F-C04F-4924-817A-D12E86D6E426}.Build All|Any CPU.Build.0 = Build All|Any CPU
		{A42D312F-C04F-4924-817A-D12E86D6E426}.Debug|Any CPU.ActiveCfg = Debug|Any CPU
		{A42D312F-C04F-4924-817A-D12E86D6E426}.Debug|Any CPU.Build.0 = Debug|Any CPU
		{A42D312F-C04F-4924-817A-D12E86D6E426}.Release|Any CPU.ActiveCfg = Release|Any CPU
		{A42D312F-C04F-4924-817A-D12E86D6E426}.Release|Any CPU.Build.0 = Release|Any CPU
		{6FBAC056-3877-4D7A-9F41-12223ABE41ED}.Build All|Any CPU.ActiveCfg = Build All|Any CPU
		{6FBAC056-3877-4D7A-9F41-12223ABE41ED}.Build All|Any CPU.Build.0 = Build All|Any CPU
		{6FBAC056-3877-4D7A-9F41-12223ABE41ED}.Debug|Any CPU.ActiveCfg = Debug|Any CPU
		{6FBAC056-3877-4D7A-9F41-12223ABE41ED}.Debug|Any CPU.Build.0 = Debug|Any CPU
		{6FBAC056-3877-4D7A-9F41-12223ABE41ED}.Release|Any CPU.ActiveCfg = Release|Any CPU
		{6FBAC056-3877-4D7A-9F41-12223ABE41ED}.Release|Any CPU.Build.0 = Release|Any CPU
		{702E3309-71D2-48AD-9D3D-52800EF8C6A3}.Build All|Any CPU.ActiveCfg = Build All|Any CPU
		{702E3309-71D2-48AD-9D3D-52800EF8C6A3}.Build All|Any CPU.Build.0 = Build All|Any CPU
		{702E3309-71D2-48AD-9D3D-52800EF8C6A3}.Debug|Any CPU.ActiveCfg = Debug|Any CPU
		{702E3309-71D2-48AD-9D3D-52800EF8C6A3}.Debug|Any CPU.Build.0 = Debug|Any CPU
		{702E3309-71D2-48AD-9D3D-52800EF8C6A3}.Release|Any CPU.ActiveCfg = Release|Any CPU
		{702E3309-71D2-48AD-9D3D-52800EF8C6A3}.Release|Any CPU.Build.0 = Release|Any CPU
		{FA75282B-7888-42FA-A7CA-E2E3C3FF2283}.Build All|Any CPU.ActiveCfg = Build All|Any CPU
		{FA75282B-7888-42FA-A7CA-E2E3C3FF2283}.Build All|Any CPU.Build.0 = Build All|Any CPU
		{FA75282B-7888-42FA-A7CA-E2E3C3FF2283}.Debug|Any CPU.ActiveCfg = Debug|Any CPU
		{FA75282B-7888-42FA-A7CA-E2E3C3FF2283}.Debug|Any CPU.Build.0 = Debug|Any CPU
		{FA75282B-7888-42FA-A7CA-E2E3C3FF2283}.Release|Any CPU.ActiveCfg = Release|Any CPU
		{FA75282B-7888-42FA-A7CA-E2E3C3FF2283}.Release|Any CPU.Build.0 = Release|Any CPU
		{95411961-A06B-4268-9402-6CE6E074ACC4}.Build All|Any CPU.ActiveCfg = Build All|Any CPU
		{95411961-A06B-4268-9402-6CE6E074ACC4}.Build All|Any CPU.Build.0 = Build All|Any CPU
		{95411961-A06B-4268-9402-6CE6E074ACC4}.Debug|Any CPU.ActiveCfg = Debug|Any CPU
		{95411961-A06B-4268-9402-6CE6E074ACC4}.Debug|Any CPU.Build.0 = Debug|Any CPU
		{95411961-A06B-4268-9402-6CE6E074ACC4}.Release|Any CPU.ActiveCfg = Release|Any CPU
		{95411961-A06B-4268-9402-6CE6E074ACC4}.Release|Any CPU.Build.0 = Release|Any CPU
		{8321F845-9D92-4E91-B9AB-CDFC847EF5B9}.Build All|Any CPU.ActiveCfg = Build All|Any CPU
		{8321F845-9D92-4E91-B9AB-CDFC847EF5B9}.Build All|Any CPU.Build.0 = Build All|Any CPU
		{8321F845-9D92-4E91-B9AB-CDFC847EF5B9}.Debug|Any CPU.ActiveCfg = Debug|Any CPU
		{8321F845-9D92-4E91-B9AB-CDFC847EF5B9}.Debug|Any CPU.Build.0 = Debug|Any CPU
		{8321F845-9D92-4E91-B9AB-CDFC847EF5B9}.Release|Any CPU.ActiveCfg = Release|Any CPU
		{8321F845-9D92-4E91-B9AB-CDFC847EF5B9}.Release|Any CPU.Build.0 = Release|Any CPU
		{C1531A25-023E-4AEF-BCA7-83701C580F7B}.Build All|Any CPU.ActiveCfg = Build All|Any CPU
		{C1531A25-023E-4AEF-BCA7-83701C580F7B}.Build All|Any CPU.Build.0 = Build All|Any CPU
		{C1531A25-023E-4AEF-BCA7-83701C580F7B}.Debug|Any CPU.ActiveCfg = Debug|Any CPU
		{C1531A25-023E-4AEF-BCA7-83701C580F7B}.Debug|Any CPU.Build.0 = Debug|Any CPU
		{C1531A25-023E-4AEF-BCA7-83701C580F7B}.Release|Any CPU.ActiveCfg = Release|Any CPU
		{C1531A25-023E-4AEF-BCA7-83701C580F7B}.Release|Any CPU.Build.0 = Release|Any CPU
		{B4228B79-8B93-480E-AD3E-73D7DC0DA080}.Build All|Any CPU.ActiveCfg = Build All|Any CPU
		{B4228B79-8B93-480E-AD3E-73D7DC0DA080}.Build All|Any CPU.Build.0 = Build All|Any CPU
		{B4228B79-8B93-480E-AD3E-73D7DC0DA080}.Debug|Any CPU.ActiveCfg = Debug|Any CPU
		{B4228B79-8B93-480E-AD3E-73D7DC0DA080}.Debug|Any CPU.Build.0 = Debug|Any CPU
		{B4228B79-8B93-480E-AD3E-73D7DC0DA080}.Release|Any CPU.ActiveCfg = Release|Any CPU
		{B4228B79-8B93-480E-AD3E-73D7DC0DA080}.Release|Any CPU.Build.0 = Release|Any CPU
		{67439B6B-9094-4E93-A51F-F4D2C9F008D5}.Build All|Any CPU.ActiveCfg = Build All|Any CPU
		{67439B6B-9094-4E93-A51F-F4D2C9F008D5}.Build All|Any CPU.Build.0 = Build All|Any CPU
		{67439B6B-9094-4E93-A51F-F4D2C9F008D5}.Debug|Any CPU.ActiveCfg = Debug|Any CPU
		{67439B6B-9094-4E93-A51F-F4D2C9F008D5}.Debug|Any CPU.Build.0 = Debug|Any CPU
		{67439B6B-9094-4E93-A51F-F4D2C9F008D5}.Release|Any CPU.ActiveCfg = Release|Any CPU
		{67439B6B-9094-4E93-A51F-F4D2C9F008D5}.Release|Any CPU.Build.0 = Release|Any CPU
		{1A62D089-68FD-4020-8162-3F519D44001F}.Build All|Any CPU.ActiveCfg = Build All|Any CPU
		{1A62D089-68FD-4020-8162-3F519D44001F}.Build All|Any CPU.Build.0 = Build All|Any CPU
		{1A62D089-68FD-4020-8162-3F519D44001F}.Debug|Any CPU.ActiveCfg = Debug|Any CPU
		{1A62D089-68FD-4020-8162-3F519D44001F}.Debug|Any CPU.Build.0 = Debug|Any CPU
		{1A62D089-68FD-4020-8162-3F519D44001F}.Release|Any CPU.ActiveCfg = Release|Any CPU
		{1A62D089-68FD-4020-8162-3F519D44001F}.Release|Any CPU.Build.0 = Release|Any CPU
		{B123C514-57AF-41A0-B495-2243FEE009D8}.Build All|Any CPU.ActiveCfg = Build All|Any CPU
		{B123C514-57AF-41A0-B495-2243FEE009D8}.Build All|Any CPU.Build.0 = Build All|Any CPU
		{B123C514-57AF-41A0-B495-2243FEE009D8}.Debug|Any CPU.ActiveCfg = Debug|Any CPU
		{B123C514-57AF-41A0-B495-2243FEE009D8}.Debug|Any CPU.Build.0 = Debug|Any CPU
		{B123C514-57AF-41A0-B495-2243FEE009D8}.Release|Any CPU.ActiveCfg = Release|Any CPU
		{B123C514-57AF-41A0-B495-2243FEE009D8}.Release|Any CPU.Build.0 = Release|Any CPU
		{5FCD35BA-441E-45E8-92B4-367F89FD9228}.Build All|Any CPU.ActiveCfg = Build All|Any CPU
		{5FCD35BA-441E-45E8-92B4-367F89FD9228}.Build All|Any CPU.Build.0 = Build All|Any CPU
		{5FCD35BA-441E-45E8-92B4-367F89FD9228}.Debug|Any CPU.ActiveCfg = Debug|Any CPU
		{5FCD35BA-441E-45E8-92B4-367F89FD9228}.Debug|Any CPU.Build.0 = Debug|Any CPU
		{5FCD35BA-441E-45E8-92B4-367F89FD9228}.Release|Any CPU.ActiveCfg = Release|Any CPU
		{5FCD35BA-441E-45E8-92B4-367F89FD9228}.Release|Any CPU.Build.0 = Release|Any CPU
		{FAE6DC61-59E2-4DF2-BDC0-56226F3314CE}.Build All|Any CPU.ActiveCfg = Release|Any CPU
		{FAE6DC61-59E2-4DF2-BDC0-56226F3314CE}.Debug|Any CPU.ActiveCfg = Debug|Any CPU
		{FAE6DC61-59E2-4DF2-BDC0-56226F3314CE}.Debug|Any CPU.Build.0 = Debug|Any CPU
		{FAE6DC61-59E2-4DF2-BDC0-56226F3314CE}.Release|Any CPU.ActiveCfg = Release|Any CPU
		{FAE6DC61-59E2-4DF2-BDC0-56226F3314CE}.Release|Any CPU.Build.0 = Release|Any CPU
		{E7BE1D78-87EA-4F27-A385-214826F388C8}.Build All|Any CPU.ActiveCfg = Build All|Any CPU
		{E7BE1D78-87EA-4F27-A385-214826F388C8}.Build All|Any CPU.Build.0 = Build All|Any CPU
		{E7BE1D78-87EA-4F27-A385-214826F388C8}.Debug|Any CPU.ActiveCfg = Debug|Any CPU
		{E7BE1D78-87EA-4F27-A385-214826F388C8}.Debug|Any CPU.Build.0 = Debug|Any CPU
		{E7BE1D78-87EA-4F27-A385-214826F388C8}.Release|Any CPU.ActiveCfg = Release|Any CPU
		{E7BE1D78-87EA-4F27-A385-214826F388C8}.Release|Any CPU.Build.0 = Release|Any CPU
	EndGlobalSection
	GlobalSection(SolutionProperties) = preSolution
		HideSolutionNode = FALSE
	EndGlobalSection
	GlobalSection(NestedProjects) = preSolution
		{2F487E5D-C93C-4D28-B3E7-D82D09F3C7A2} = {2C68B254-D29B-4BD1-A421-83B5BBDC9BA8}
		{75092169-D067-40DC-8F35-D70947A06606} = {2C68B254-D29B-4BD1-A421-83B5BBDC9BA8}
		{56EA77E1-5EB3-4A94-B618-CBC3F32C8212} = {2C68B254-D29B-4BD1-A421-83B5BBDC9BA8}
		{74C672BC-63E4-416D-B37C-28AB05FD077D} = {2C68B254-D29B-4BD1-A421-83B5BBDC9BA8}
		{5F70F344-A209-466C-8758-7A8C3BF21607} = {75092169-D067-40DC-8F35-D70947A06606}
		{8D09EBE6-D1E3-4FDA-B9F8-51A7A86DDB4D} = {56EA77E1-5EB3-4A94-B618-CBC3F32C8212}
		{3269E213-A0A1-446F-B6AB-0CE467CBDE02} = {56EA77E1-5EB3-4A94-B618-CBC3F32C8212}
		{7BDCB099-8C8B-4A62-9451-705E0F45DA65} = {56EA77E1-5EB3-4A94-B618-CBC3F32C8212}
		{2163E251-1473-4DB5-A729-C6470EABA059} = {56EA77E1-5EB3-4A94-B618-CBC3F32C8212}
		{471C0C27-8A3B-495E-BE6E-8F19C339B9EB} = {56EA77E1-5EB3-4A94-B618-CBC3F32C8212}
		{423274B7-C604-4592-8B1B-A3AF1E27E698} = {56EA77E1-5EB3-4A94-B618-CBC3F32C8212}
		{86DA8128-8A37-45F5-99C6-406BCBE38296} = {74C672BC-63E4-416D-B37C-28AB05FD077D}
		{87196B6A-06B9-49A2-A57D-176437DF16AF} = {2163E251-1473-4DB5-A729-C6470EABA059}
		{A42D312F-C04F-4924-817A-D12E86D6E426} = {3269E213-A0A1-446F-B6AB-0CE467CBDE02}
		{6FBAC056-3877-4D7A-9F41-12223ABE41ED} = {471C0C27-8A3B-495E-BE6E-8F19C339B9EB}
		{702E3309-71D2-48AD-9D3D-52800EF8C6A3} = {8D09EBE6-D1E3-4FDA-B9F8-51A7A86DDB4D}
		{FA75282B-7888-42FA-A7CA-E2E3C3FF2283} = {423274B7-C604-4592-8B1B-A3AF1E27E698}
		{95411961-A06B-4268-9402-6CE6E074ACC4} = {75092169-D067-40DC-8F35-D70947A06606}
		{8321F845-9D92-4E91-B9AB-CDFC847EF5B9} = {75092169-D067-40DC-8F35-D70947A06606}
		{C1531A25-023E-4AEF-BCA7-83701C580F7B} = {2F487E5D-C93C-4D28-B3E7-D82D09F3C7A2}
		{B4228B79-8B93-480E-AD3E-73D7DC0DA080} = {75092169-D067-40DC-8F35-D70947A06606}
		{67439B6B-9094-4E93-A51F-F4D2C9F008D5} = {7BDCB099-8C8B-4A62-9451-705E0F45DA65}
		{1A62D089-68FD-4020-8162-3F519D44001F} = {7BDCB099-8C8B-4A62-9451-705E0F45DA65}
		{B123C514-57AF-41A0-B495-2243FEE009D8} = {7BDCB099-8C8B-4A62-9451-705E0F45DA65}
		{5FCD35BA-441E-45E8-92B4-367F89FD9228} = {7BDCB099-8C8B-4A62-9451-705E0F45DA65}
		{FAE6DC61-59E2-4DF2-BDC0-56226F3314CE} = {7BDCB099-8C8B-4A62-9451-705E0F45DA65}
		{6A060C58-82B2-42DC-AF8B-E2D4393A5A61} = {75092169-D067-40DC-8F35-D70947A06606}
		{E7BE1D78-87EA-4F27-A385-214826F388C8} = {6A060C58-82B2-42DC-AF8B-E2D4393A5A61}
	EndGlobalSection
	GlobalSection(ExtensibilityGlobals) = postSolution
		SolutionGuid = {AC174929-27C6-4376-B85A-2EAB31368F83}
	EndGlobalSection
EndGlobal
